// !$*UTF8*$!
{
	archiveVersion = 1;
	classes = {
	};
	objectVersion = 50;
	objects = {

/* Begin PBXBuildFile section */
		245587F125D2668200A4540C /* Animals_wikiApp.swift in Sources */ = {isa = PBXBuildFile; fileRef = 245587F025D2668200A4540C /* Animals_wikiApp.swift */; };
		245587F325D2668200A4540C /* ContentView.swift in Sources */ = {isa = PBXBuildFile; fileRef = 245587F225D2668200A4540C /* ContentView.swift */; };
		245587F525D2668600A4540C /* Assets.xcassets in Resources */ = {isa = PBXBuildFile; fileRef = 245587F425D2668600A4540C /* Assets.xcassets */; };
		245587F825D2668600A4540C /* Preview Assets.xcassets in Resources */ = {isa = PBXBuildFile; fileRef = 245587F725D2668600A4540C /* Preview Assets.xcassets */; };
		2455880B25D2698100A4540C /* hippo.mp4 in Resources */ = {isa = PBXBuildFile; fileRef = 2455880125D2697D00A4540C /* hippo.mp4 */; };
		2455880C25D2698100A4540C /* zebra.mp4 in Resources */ = {isa = PBXBuildFile; fileRef = 2455880225D2697D00A4540C /* zebra.mp4 */; };
		2455880D25D2698100A4540C /* gorilla.mp4 in Resources */ = {isa = PBXBuildFile; fileRef = 2455880325D2697E00A4540C /* gorilla.mp4 */; };
		2455880E25D2698100A4540C /* rhino.mp4 in Resources */ = {isa = PBXBuildFile; fileRef = 2455880425D2697E00A4540C /* rhino.mp4 */; };
		2455880F25D2698100A4540C /* cheetah.mp4 in Resources */ = {isa = PBXBuildFile; fileRef = 2455880525D2697F00A4540C /* cheetah.mp4 */; };
		2455881025D2698100A4540C /* elephant.mp4 in Resources */ = {isa = PBXBuildFile; fileRef = 2455880625D2697F00A4540C /* elephant.mp4 */; };
		2455881125D2698100A4540C /* lioness.mp4 in Resources */ = {isa = PBXBuildFile; fileRef = 2455880725D2698000A4540C /* lioness.mp4 */; };
		2455881225D2698100A4540C /* giraffe.mp4 in Resources */ = {isa = PBXBuildFile; fileRef = 2455880825D2698000A4540C /* giraffe.mp4 */; };
		2455881325D2698100A4540C /* lion.mp4 in Resources */ = {isa = PBXBuildFile; fileRef = 2455880925D2698100A4540C /* lion.mp4 */; };
		2455881425D2698100A4540C /* ostrich.mp4 in Resources */ = {isa = PBXBuildFile; fileRef = 2455880A25D2698100A4540C /* ostrich.mp4 */; };
		2455881B25D26A6500A4540C /* videos.json in Resources */ = {isa = PBXBuildFile; fileRef = 2455881725D26A6500A4540C /* videos.json */; };
		2455881C25D26A6500A4540C /* covers.json in Resources */ = {isa = PBXBuildFile; fileRef = 2455881825D26A6500A4540C /* covers.json */; };
		2455881D25D26A6500A4540C /* locations.json in Resources */ = {isa = PBXBuildFile; fileRef = 2455881925D26A6500A4540C /* locations.json */; };
		2455881E25D26A6500A4540C /* animals.json in Resources */ = {isa = PBXBuildFile; fileRef = 2455881A25D26A6500A4540C /* animals.json */; };
		2455882325D26DA200A4540C /* VideoListView.swift in Sources */ = {isa = PBXBuildFile; fileRef = 2455882225D26DA200A4540C /* VideoListView.swift */; };
		2455882625D26DBB00A4540C /* MapView.swift in Sources */ = {isa = PBXBuildFile; fileRef = 2455882525D26DBB00A4540C /* MapView.swift */; };
		2455882925D26DCE00A4540C /* GalleryView.swift in Sources */ = {isa = PBXBuildFile; fileRef = 2455882825D26DCE00A4540C /* GalleryView.swift */; };
		2455882C25D26DDE00A4540C /* MainView.swift in Sources */ = {isa = PBXBuildFile; fileRef = 2455882B25D26DDE00A4540C /* MainView.swift */; };
		2455883125D2738600A4540C /* CoverImageView.swift in Sources */ = {isa = PBXBuildFile; fileRef = 2455883025D2738600A4540C /* CoverImageView.swift */; };
		2455883425D2785500A4540C /* CoverImageModel.swift in Sources */ = {isa = PBXBuildFile; fileRef = 2455883325D2785500A4540C /* CoverImageModel.swift */; };
		2455883825D27B7E00A4540C /* CodableBundleExtension.swift in Sources */ = {isa = PBXBuildFile; fileRef = 2455883725D27B7E00A4540C /* CodableBundleExtension.swift */; };
		24759B4F25E348B700AA6BA5 /* InsetFactView.swift in Sources */ = {isa = PBXBuildFile; fileRef = 24759B4E25E348B700AA6BA5 /* InsetFactView.swift */; };
		24759B5225E3508000AA6BA5 /* InsetMapView.swift in Sources */ = {isa = PBXBuildFile; fileRef = 24759B5125E3508000AA6BA5 /* InsetMapView.swift */; };
		24759B5525E3760700AA6BA5 /* ExternalWebLinkView.swift in Sources */ = {isa = PBXBuildFile; fileRef = 24759B5425E3760700AA6BA5 /* ExternalWebLinkView.swift */; };
		24759B5825E37AEA00AA6BA5 /* VideoModel.swift in Sources */ = {isa = PBXBuildFile; fileRef = 24759B5725E37AEA00AA6BA5 /* VideoModel.swift */; };
		24759B5B25E37BC600AA6BA5 /* VideoListItemView.swift in Sources */ = {isa = PBXBuildFile; fileRef = 24759B5A25E37BC600AA6BA5 /* VideoListItemView.swift */; };
		24759B5F25E3892600AA6BA5 /* VideoPlayerView.swift in Sources */ = {isa = PBXBuildFile; fileRef = 24759B5E25E3892600AA6BA5 /* VideoPlayerView.swift */; };
		24759B6325E38B8900AA6BA5 /* VideoPlayerHelper.swift in Sources */ = {isa = PBXBuildFile; fileRef = 24759B6225E38B8900AA6BA5 /* VideoPlayerHelper.swift */; };
		24759B6725E3984C00AA6BA5 /* LocationModel.swift in Sources */ = {isa = PBXBuildFile; fileRef = 24759B6625E3984C00AA6BA5 /* LocationModel.swift */; };
		24759B6B25E39DE700AA6BA5 /* MapAnnotationView.swift in Sources */ = {isa = PBXBuildFile; fileRef = 24759B6A25E39DE700AA6BA5 /* MapAnnotationView.swift */; };
		24759B6E25E3A9D200AA6BA5 /* MotionAnimationView.swift in Sources */ = {isa = PBXBuildFile; fileRef = 24759B6D25E3A9D200AA6BA5 /* MotionAnimationView.swift */; };
		247FCEE325D50D500017DA6C /* AnimalListItemView.swift in Sources */ = {isa = PBXBuildFile; fileRef = 247FCEE225D50D500017DA6C /* AnimalListItemView.swift */; };
		247FCEE625D512B40017DA6C /* AnimalModel.swift in Sources */ = {isa = PBXBuildFile; fileRef = 247FCEE525D512B40017DA6C /* AnimalModel.swift */; };
		247FCEE925D8D42B0017DA6C /* AnimalDetailView.swift in Sources */ = {isa = PBXBuildFile; fileRef = 247FCEE825D8D42B0017DA6C /* AnimalDetailView.swift */; };
		247FCEEC25D8E2EA0017DA6C /* HeadingView.swift in Sources */ = {isa = PBXBuildFile; fileRef = 247FCEEB25D8E2E90017DA6C /* HeadingView.swift */; };
		247FCEEF25D92E400017DA6C /* InsetGalleryView.swift in Sources */ = {isa = PBXBuildFile; fileRef = 247FCEEE25D92E400017DA6C /* InsetGalleryView.swift */; };
		248E331325E626DB001FDC19 /* AnimalGridItemView.swift in Sources */ = {isa = PBXBuildFile; fileRef = 248E331225E626DB001FDC19 /* AnimalGridItemView.swift */; };
/* End PBXBuildFile section */

/* Begin PBXFileReference section */
		245587ED25D2668200A4540C /* Animals wiki.app */ = {isa = PBXFileReference; explicitFileType = wrapper.application; includeInIndex = 0; path = "Animals wiki.app"; sourceTree = BUILT_PRODUCTS_DIR; };
		245587F025D2668200A4540C /* Animals_wikiApp.swift */ = {isa = PBXFileReference; lastKnownFileType = sourcecode.swift; path = Animals_wikiApp.swift; sourceTree = "<group>"; };
		245587F225D2668200A4540C /* ContentView.swift */ = {isa = PBXFileReference; lastKnownFileType = sourcecode.swift; path = ContentView.swift; sourceTree = "<group>"; };
		245587F425D2668600A4540C /* Assets.xcassets */ = {isa = PBXFileReference; lastKnownFileType = folder.assetcatalog; path = Assets.xcassets; sourceTree = "<group>"; };
		245587F725D2668600A4540C /* Preview Assets.xcassets */ = {isa = PBXFileReference; lastKnownFileType = folder.assetcatalog; path = "Preview Assets.xcassets"; sourceTree = "<group>"; };
		245587F925D2668600A4540C /* Info.plist */ = {isa = PBXFileReference; lastKnownFileType = text.plist.xml; path = Info.plist; sourceTree = "<group>"; };
		2455880125D2697D00A4540C /* hippo.mp4 */ = {isa = PBXFileReference; lastKnownFileType = file; path = hippo.mp4; sourceTree = "<group>"; };
		2455880225D2697D00A4540C /* zebra.mp4 */ = {isa = PBXFileReference; lastKnownFileType = file; path = zebra.mp4; sourceTree = "<group>"; };
		2455880325D2697E00A4540C /* gorilla.mp4 */ = {isa = PBXFileReference; lastKnownFileType = file; path = gorilla.mp4; sourceTree = "<group>"; };
		2455880425D2697E00A4540C /* rhino.mp4 */ = {isa = PBXFileReference; lastKnownFileType = file; path = rhino.mp4; sourceTree = "<group>"; };
		2455880525D2697F00A4540C /* cheetah.mp4 */ = {isa = PBXFileReference; lastKnownFileType = file; path = cheetah.mp4; sourceTree = "<group>"; };
		2455880625D2697F00A4540C /* elephant.mp4 */ = {isa = PBXFileReference; lastKnownFileType = file; path = elephant.mp4; sourceTree = "<group>"; };
		2455880725D2698000A4540C /* lioness.mp4 */ = {isa = PBXFileReference; lastKnownFileType = file; path = lioness.mp4; sourceTree = "<group>"; };
		2455880825D2698000A4540C /* giraffe.mp4 */ = {isa = PBXFileReference; lastKnownFileType = file; path = giraffe.mp4; sourceTree = "<group>"; };
		2455880925D2698100A4540C /* lion.mp4 */ = {isa = PBXFileReference; lastKnownFileType = file; path = lion.mp4; sourceTree = "<group>"; };
		2455880A25D2698100A4540C /* ostrich.mp4 */ = {isa = PBXFileReference; lastKnownFileType = file; path = ostrich.mp4; sourceTree = "<group>"; };
		2455881725D26A6500A4540C /* videos.json */ = {isa = PBXFileReference; fileEncoding = 4; lastKnownFileType = text.json; path = videos.json; sourceTree = "<group>"; };
		2455881825D26A6500A4540C /* covers.json */ = {isa = PBXFileReference; fileEncoding = 4; lastKnownFileType = text.json; path = covers.json; sourceTree = "<group>"; };
		2455881925D26A6500A4540C /* locations.json */ = {isa = PBXFileReference; fileEncoding = 4; lastKnownFileType = text.json; path = locations.json; sourceTree = "<group>"; };
		2455881A25D26A6500A4540C /* animals.json */ = {isa = PBXFileReference; fileEncoding = 4; lastKnownFileType = text.json; path = animals.json; sourceTree = "<group>"; };
		2455882225D26DA200A4540C /* VideoListView.swift */ = {isa = PBXFileReference; lastKnownFileType = sourcecode.swift; path = VideoListView.swift; sourceTree = "<group>"; };
		2455882525D26DBB00A4540C /* MapView.swift */ = {isa = PBXFileReference; lastKnownFileType = sourcecode.swift; path = MapView.swift; sourceTree = "<group>"; };
		2455882825D26DCE00A4540C /* GalleryView.swift */ = {isa = PBXFileReference; lastKnownFileType = sourcecode.swift; path = GalleryView.swift; sourceTree = "<group>"; };
		2455882B25D26DDE00A4540C /* MainView.swift */ = {isa = PBXFileReference; lastKnownFileType = sourcecode.swift; path = MainView.swift; sourceTree = "<group>"; };
		2455883025D2738600A4540C /* CoverImageView.swift */ = {isa = PBXFileReference; lastKnownFileType = sourcecode.swift; path = CoverImageView.swift; sourceTree = "<group>"; };
		2455883325D2785500A4540C /* CoverImageModel.swift */ = {isa = PBXFileReference; lastKnownFileType = sourcecode.swift; path = CoverImageModel.swift; sourceTree = "<group>"; };
		2455883725D27B7E00A4540C /* CodableBundleExtension.swift */ = {isa = PBXFileReference; lastKnownFileType = sourcecode.swift; path = CodableBundleExtension.swift; sourceTree = "<group>"; };
		24759B4E25E348B700AA6BA5 /* InsetFactView.swift */ = {isa = PBXFileReference; lastKnownFileType = sourcecode.swift; path = InsetFactView.swift; sourceTree = "<group>"; };
		24759B5125E3508000AA6BA5 /* InsetMapView.swift */ = {isa = PBXFileReference; lastKnownFileType = sourcecode.swift; path = InsetMapView.swift; sourceTree = "<group>"; };
		24759B5425E3760700AA6BA5 /* ExternalWebLinkView.swift */ = {isa = PBXFileReference; lastKnownFileType = sourcecode.swift; path = ExternalWebLinkView.swift; sourceTree = "<group>"; };
		24759B5725E37AEA00AA6BA5 /* VideoModel.swift */ = {isa = PBXFileReference; lastKnownFileType = sourcecode.swift; path = VideoModel.swift; sourceTree = "<group>"; };
		24759B5A25E37BC600AA6BA5 /* VideoListItemView.swift */ = {isa = PBXFileReference; lastKnownFileType = sourcecode.swift; path = VideoListItemView.swift; sourceTree = "<group>"; };
		24759B5E25E3892600AA6BA5 /* VideoPlayerView.swift */ = {isa = PBXFileReference; lastKnownFileType = sourcecode.swift; path = VideoPlayerView.swift; sourceTree = "<group>"; };
		24759B6225E38B8900AA6BA5 /* VideoPlayerHelper.swift */ = {isa = PBXFileReference; lastKnownFileType = sourcecode.swift; path = VideoPlayerHelper.swift; sourceTree = "<group>"; };
		24759B6625E3984C00AA6BA5 /* LocationModel.swift */ = {isa = PBXFileReference; lastKnownFileType = sourcecode.swift; path = LocationModel.swift; sourceTree = "<group>"; };
		24759B6A25E39DE700AA6BA5 /* MapAnnotationView.swift */ = {isa = PBXFileReference; lastKnownFileType = sourcecode.swift; path = MapAnnotationView.swift; sourceTree = "<group>"; };
		24759B6D25E3A9D200AA6BA5 /* MotionAnimationView.swift */ = {isa = PBXFileReference; lastKnownFileType = sourcecode.swift; path = MotionAnimationView.swift; sourceTree = "<group>"; };
		247FCEE225D50D500017DA6C /* AnimalListItemView.swift */ = {isa = PBXFileReference; lastKnownFileType = sourcecode.swift; path = AnimalListItemView.swift; sourceTree = "<group>"; };
		247FCEE525D512B40017DA6C /* AnimalModel.swift */ = {isa = PBXFileReference; lastKnownFileType = sourcecode.swift; path = AnimalModel.swift; sourceTree = "<group>"; };
		247FCEE825D8D42B0017DA6C /* AnimalDetailView.swift */ = {isa = PBXFileReference; lastKnownFileType = sourcecode.swift; path = AnimalDetailView.swift; sourceTree = "<group>"; };
		247FCEEB25D8E2E90017DA6C /* HeadingView.swift */ = {isa = PBXFileReference; lastKnownFileType = sourcecode.swift; path = HeadingView.swift; sourceTree = "<group>"; };
		247FCEEE25D92E400017DA6C /* InsetGalleryView.swift */ = {isa = PBXFileReference; lastKnownFileType = sourcecode.swift; path = InsetGalleryView.swift; sourceTree = "<group>"; };
		248E331225E626DB001FDC19 /* AnimalGridItemView.swift */ = {isa = PBXFileReference; lastKnownFileType = sourcecode.swift; path = AnimalGridItemView.swift; sourceTree = "<group>"; };
/* End PBXFileReference section */

/* Begin PBXFrameworksBuildPhase section */
		245587EA25D2668200A4540C /* Frameworks */ = {
			isa = PBXFrameworksBuildPhase;
			buildActionMask = 2147483647;
			files = (
			);
			runOnlyForDeploymentPostprocessing = 0;
		};
/* End PBXFrameworksBuildPhase section */

/* Begin PBXGroup section */
		245587E425D2668200A4540C = {
			isa = PBXGroup;
			children = (
				245587EF25D2668200A4540C /* Animals wiki */,
				245587EE25D2668200A4540C /* Products */,
			);
			sourceTree = "<group>";
		};
		245587EE25D2668200A4540C /* Products */ = {
			isa = PBXGroup;
			children = (
				245587ED25D2668200A4540C /* Animals wiki.app */,
			);
			name = Products;
			sourceTree = "<group>";
		};
		245587EF25D2668200A4540C /* Animals wiki */ = {
			isa = PBXGroup;
			children = (
				2455882025D26CE000A4540C /* App */,
				245587F425D2668600A4540C /* Assets.xcassets */,
				2455881625D26A1200A4540C /* Data */,
				2455883625D27B6D00A4540C /* Extension */,
				24759B6125E38B6D00AA6BA5 /* Helper */,
				245587F925D2668600A4540C /* Info.plist */,
				2455882F25D2737300A4540C /* Model */,
				245587F625D2668600A4540C /* Preview Content */,
				2455880025D2695500A4540C /* Video */,
				2455882E25D2736E00A4540C /* View */,
			);
			path = "Animals wiki";
			sourceTree = "<group>";
		};
		245587F625D2668600A4540C /* Preview Content */ = {
			isa = PBXGroup;
			children = (
				245587F725D2668600A4540C /* Preview Assets.xcassets */,
			);
			path = "Preview Content";
			sourceTree = "<group>";
		};
		2455880025D2695500A4540C /* Video */ = {
			isa = PBXGroup;
			children = (
				2455880525D2697F00A4540C /* cheetah.mp4 */,
				2455880625D2697F00A4540C /* elephant.mp4 */,
				2455880825D2698000A4540C /* giraffe.mp4 */,
				2455880325D2697E00A4540C /* gorilla.mp4 */,
				2455880125D2697D00A4540C /* hippo.mp4 */,
				2455880925D2698100A4540C /* lion.mp4 */,
				2455880725D2698000A4540C /* lioness.mp4 */,
				2455880A25D2698100A4540C /* ostrich.mp4 */,
				2455880425D2697E00A4540C /* rhino.mp4 */,
				2455880225D2697D00A4540C /* zebra.mp4 */,
			);
			path = Video;
			sourceTree = "<group>";
		};
		2455881625D26A1200A4540C /* Data */ = {
			isa = PBXGroup;
			children = (
				2455881A25D26A6500A4540C /* animals.json */,
				2455881825D26A6500A4540C /* covers.json */,
				2455881925D26A6500A4540C /* locations.json */,
				2455881725D26A6500A4540C /* videos.json */,
			);
			path = Data;
			sourceTree = "<group>";
		};
		2455882025D26CE000A4540C /* App */ = {
			isa = PBXGroup;
			children = (
				245587F025D2668200A4540C /* Animals_wikiApp.swift */,
				245587F225D2668200A4540C /* ContentView.swift */,
				2455882225D26DA200A4540C /* VideoListView.swift */,
				2455882525D26DBB00A4540C /* MapView.swift */,
				2455882825D26DCE00A4540C /* GalleryView.swift */,
				2455882B25D26DDE00A4540C /* MainView.swift */,
			);
			path = App;
			sourceTree = "<group>";
		};
		2455882E25D2736E00A4540C /* View */ = {
			isa = PBXGroup;
			children = (
				2455883025D2738600A4540C /* CoverImageView.swift */,
				247FCEE225D50D500017DA6C /* AnimalListItemView.swift */,
				247FCEE825D8D42B0017DA6C /* AnimalDetailView.swift */,
				247FCEEB25D8E2E90017DA6C /* HeadingView.swift */,
				247FCEEE25D92E400017DA6C /* InsetGalleryView.swift */,
				24759B4E25E348B700AA6BA5 /* InsetFactView.swift */,
				24759B5125E3508000AA6BA5 /* InsetMapView.swift */,
				24759B5425E3760700AA6BA5 /* ExternalWebLinkView.swift */,
				24759B5A25E37BC600AA6BA5 /* VideoListItemView.swift */,
				24759B5E25E3892600AA6BA5 /* VideoPlayerView.swift */,
				24759B6A25E39DE700AA6BA5 /* MapAnnotationView.swift */,
				24759B6D25E3A9D200AA6BA5 /* MotionAnimationView.swift */,
				248E331225E626DB001FDC19 /* AnimalGridItemView.swift */,
			);
			path = View;
			sourceTree = "<group>";
		};
		2455882F25D2737300A4540C /* Model */ = {
			isa = PBXGroup;
			children = (
				2455883325D2785500A4540C /* CoverImageModel.swift */,
				247FCEE525D512B40017DA6C /* AnimalModel.swift */,
				24759B5725E37AEA00AA6BA5 /* VideoModel.swift */,
				24759B6625E3984C00AA6BA5 /* LocationModel.swift */,
			);
			path = Model;
			sourceTree = "<group>";
		};
		2455883625D27B6D00A4540C /* Extension */ = {
			isa = PBXGroup;
			children = (
				2455883725D27B7E00A4540C /* CodableBundleExtension.swift */,
			);
			path = Extension;
			sourceTree = "<group>";
		};
		24759B6125E38B6D00AA6BA5 /* Helper */ = {
			isa = PBXGroup;
			children = (
				24759B6225E38B8900AA6BA5 /* VideoPlayerHelper.swift */,
			);
			path = Helper;
			sourceTree = "<group>";
		};
/* End PBXGroup section */

/* Begin PBXNativeTarget section */
		245587EC25D2668200A4540C /* Animals wiki */ = {
			isa = PBXNativeTarget;
			buildConfigurationList = 245587FC25D2668600A4540C /* Build configuration list for PBXNativeTarget "Animals wiki" */;
			buildPhases = (
				245587E925D2668200A4540C /* Sources */,
				245587EA25D2668200A4540C /* Frameworks */,
				245587EB25D2668200A4540C /* Resources */,
			);
			buildRules = (
			);
			dependencies = (
			);
			name = "Animals wiki";
			productName = "Animals wiki";
			productReference = 245587ED25D2668200A4540C /* Animals wiki.app */;
			productType = "com.apple.product-type.application";
		};
/* End PBXNativeTarget section */

/* Begin PBXProject section */
		245587E525D2668200A4540C /* Project object */ = {
			isa = PBXProject;
			attributes = {
				LastSwiftUpdateCheck = 1240;
				LastUpgradeCheck = 1240;
				TargetAttributes = {
					245587EC25D2668200A4540C = {
						CreatedOnToolsVersion = 12.4;
					};
				};
			};
			buildConfigurationList = 245587E825D2668200A4540C /* Build configuration list for PBXProject "Animals wiki" */;
			compatibilityVersion = "Xcode 9.3";
			developmentRegion = en;
			hasScannedForEncodings = 0;
			knownRegions = (
				en,
				Base,
			);
			mainGroup = 245587E425D2668200A4540C;
			productRefGroup = 245587EE25D2668200A4540C /* Products */;
			projectDirPath = "";
			projectRoot = "";
			targets = (
				245587EC25D2668200A4540C /* Animals wiki */,
			);
		};
/* End PBXProject section */

/* Begin PBXResourcesBuildPhase section */
		245587EB25D2668200A4540C /* Resources */ = {
			isa = PBXResourcesBuildPhase;
			buildActionMask = 2147483647;
			files = (
				2455880E25D2698100A4540C /* rhino.mp4 in Resources */,
				2455880C25D2698100A4540C /* zebra.mp4 in Resources */,
				2455881125D2698100A4540C /* lioness.mp4 in Resources */,
				245587F825D2668600A4540C /* Preview Assets.xcassets in Resources */,
				2455881B25D26A6500A4540C /* videos.json in Resources */,
				2455881225D2698100A4540C /* giraffe.mp4 in Resources */,
				2455880D25D2698100A4540C /* gorilla.mp4 in Resources */,
				2455881D25D26A6500A4540C /* locations.json in Resources */,
				2455881C25D26A6500A4540C /* covers.json in Resources */,
				2455881E25D26A6500A4540C /* animals.json in Resources */,
				2455881425D2698100A4540C /* ostrich.mp4 in Resources */,
				2455881025D2698100A4540C /* elephant.mp4 in Resources */,
				2455880B25D2698100A4540C /* hippo.mp4 in Resources */,
				2455881325D2698100A4540C /* lion.mp4 in Resources */,
				245587F525D2668600A4540C /* Assets.xcassets in Resources */,
				2455880F25D2698100A4540C /* cheetah.mp4 in Resources */,
			);
			runOnlyForDeploymentPostprocessing = 0;
		};
/* End PBXResourcesBuildPhase section */

/* Begin PBXSourcesBuildPhase section */
		245587E925D2668200A4540C /* Sources */ = {
			isa = PBXSourcesBuildPhase;
			buildActionMask = 2147483647;
			files = (
				245587F325D2668200A4540C /* ContentView.swift in Sources */,
				247FCEE325D50D500017DA6C /* AnimalListItemView.swift in Sources */,
				2455882C25D26DDE00A4540C /* MainView.swift in Sources */,
				24759B4F25E348B700AA6BA5 /* InsetFactView.swift in Sources */,
				2455883125D2738600A4540C /* CoverImageView.swift in Sources */,
				2455883425D2785500A4540C /* CoverImageModel.swift in Sources */,
				247FCEE925D8D42B0017DA6C /* AnimalDetailView.swift in Sources */,
				247FCEE625D512B40017DA6C /* AnimalModel.swift in Sources */,
				2455882625D26DBB00A4540C /* MapView.swift in Sources */,
				24759B5225E3508000AA6BA5 /* InsetMapView.swift in Sources */,
				24759B6325E38B8900AA6BA5 /* VideoPlayerHelper.swift in Sources */,
				245587F125D2668200A4540C /* Animals_wikiApp.swift in Sources */,
				24759B5525E3760700AA6BA5 /* ExternalWebLinkView.swift in Sources */,
				24759B6B25E39DE700AA6BA5 /* MapAnnotationView.swift in Sources */,
				2455882325D26DA200A4540C /* VideoListView.swift in Sources */,
				24759B5825E37AEA00AA6BA5 /* VideoModel.swift in Sources */,
				2455882925D26DCE00A4540C /* GalleryView.swift in Sources */,
				24759B6725E3984C00AA6BA5 /* LocationModel.swift in Sources */,
				248E331325E626DB001FDC19 /* AnimalGridItemView.swift in Sources */,
				247FCEEF25D92E400017DA6C /* InsetGalleryView.swift in Sources */,
				24759B5B25E37BC600AA6BA5 /* VideoListItemView.swift in Sources */,
				2455883825D27B7E00A4540C /* CodableBundleExtension.swift in Sources */,
				24759B6E25E3A9D200AA6BA5 /* MotionAnimationView.swift in Sources */,
				247FCEEC25D8E2EA0017DA6C /* HeadingView.swift in Sources */,
				24759B5F25E3892600AA6BA5 /* VideoPlayerView.swift in Sources */,
			);
			runOnlyForDeploymentPostprocessing = 0;
		};
/* End PBXSourcesBuildPhase section */

/* Begin XCBuildConfiguration section */
		245587FA25D2668600A4540C /* Debug */ = {
			isa = XCBuildConfiguration;
			buildSettings = {
				ALWAYS_SEARCH_USER_PATHS = NO;
				CLANG_ANALYZER_NONNULL = YES;
				CLANG_ANALYZER_NUMBER_OBJECT_CONVERSION = YES_AGGRESSIVE;
				CLANG_CXX_LANGUAGE_STANDARD = "gnu++14";
				CLANG_CXX_LIBRARY = "libc++";
				CLANG_ENABLE_MODULES = YES;
				CLANG_ENABLE_OBJC_ARC = YES;
				CLANG_ENABLE_OBJC_WEAK = YES;
				CLANG_WARN_BLOCK_CAPTURE_AUTORELEASING = YES;
				CLANG_WARN_BOOL_CONVERSION = YES;
				CLANG_WARN_COMMA = YES;
				CLANG_WARN_CONSTANT_CONVERSION = YES;
				CLANG_WARN_DEPRECATED_OBJC_IMPLEMENTATIONS = YES;
				CLANG_WARN_DIRECT_OBJC_ISA_USAGE = YES_ERROR;
				CLANG_WARN_DOCUMENTATION_COMMENTS = YES;
				CLANG_WARN_EMPTY_BODY = YES;
				CLANG_WARN_ENUM_CONVERSION = YES;
				CLANG_WARN_INFINITE_RECURSION = YES;
				CLANG_WARN_INT_CONVERSION = YES;
				CLANG_WARN_NON_LITERAL_NULL_CONVERSION = YES;
				CLANG_WARN_OBJC_IMPLICIT_RETAIN_SELF = YES;
				CLANG_WARN_OBJC_LITERAL_CONVERSION = YES;
				CLANG_WARN_OBJC_ROOT_CLASS = YES_ERROR;
				CLANG_WARN_QUOTED_INCLUDE_IN_FRAMEWORK_HEADER = YES;
				CLANG_WARN_RANGE_LOOP_ANALYSIS = YES;
				CLANG_WARN_STRICT_PROTOTYPES = YES;
				CLANG_WARN_SUSPICIOUS_MOVE = YES;
				CLANG_WARN_UNGUARDED_AVAILABILITY = YES_AGGRESSIVE;
				CLANG_WARN_UNREACHABLE_CODE = YES;
				CLANG_WARN__DUPLICATE_METHOD_MATCH = YES;
				COPY_PHASE_STRIP = NO;
				DEBUG_INFORMATION_FORMAT = dwarf;
				ENABLE_STRICT_OBJC_MSGSEND = YES;
				ENABLE_TESTABILITY = YES;
				GCC_C_LANGUAGE_STANDARD = gnu11;
				GCC_DYNAMIC_NO_PIC = NO;
				GCC_NO_COMMON_BLOCKS = YES;
				GCC_OPTIMIZATION_LEVEL = 0;
				GCC_PREPROCESSOR_DEFINITIONS = (
					"DEBUG=1",
					"$(inherited)",
				);
				GCC_WARN_64_TO_32_BIT_CONVERSION = YES;
				GCC_WARN_ABOUT_RETURN_TYPE = YES_ERROR;
				GCC_WARN_UNDECLARED_SELECTOR = YES;
				GCC_WARN_UNINITIALIZED_AUTOS = YES_AGGRESSIVE;
				GCC_WARN_UNUSED_FUNCTION = YES;
				GCC_WARN_UNUSED_VARIABLE = YES;
				IPHONEOS_DEPLOYMENT_TARGET = 14.4;
				MTL_ENABLE_DEBUG_INFO = INCLUDE_SOURCE;
				MTL_FAST_MATH = YES;
				ONLY_ACTIVE_ARCH = YES;
				SDKROOT = iphoneos;
				SWIFT_ACTIVE_COMPILATION_CONDITIONS = DEBUG;
				SWIFT_OPTIMIZATION_LEVEL = "-Onone";
			};
			name = Debug;
		};
		245587FB25D2668600A4540C /* Release */ = {
			isa = XCBuildConfiguration;
			buildSettings = {
				ALWAYS_SEARCH_USER_PATHS = NO;
				CLANG_ANALYZER_NONNULL = YES;
				CLANG_ANALYZER_NUMBER_OBJECT_CONVERSION = YES_AGGRESSIVE;
				CLANG_CXX_LANGUAGE_STANDARD = "gnu++14";
				CLANG_CXX_LIBRARY = "libc++";
				CLANG_ENABLE_MODULES = YES;
				CLANG_ENABLE_OBJC_ARC = YES;
				CLANG_ENABLE_OBJC_WEAK = YES;
				CLANG_WARN_BLOCK_CAPTURE_AUTORELEASING = YES;
				CLANG_WARN_BOOL_CONVERSION = YES;
				CLANG_WARN_COMMA = YES;
				CLANG_WARN_CONSTANT_CONVERSION = YES;
				CLANG_WARN_DEPRECATED_OBJC_IMPLEMENTATIONS = YES;
				CLANG_WARN_DIRECT_OBJC_ISA_USAGE = YES_ERROR;
				CLANG_WARN_DOCUMENTATION_COMMENTS = YES;
				CLANG_WARN_EMPTY_BODY = YES;
				CLANG_WARN_ENUM_CONVERSION = YES;
				CLANG_WARN_INFINITE_RECURSION = YES;
				CLANG_WARN_INT_CONVERSION = YES;
				CLANG_WARN_NON_LITERAL_NULL_CONVERSION = YES;
				CLANG_WARN_OBJC_IMPLICIT_RETAIN_SELF = YES;
				CLANG_WARN_OBJC_LITERAL_CONVERSION = YES;
				CLANG_WARN_OBJC_ROOT_CLASS = YES_ERROR;
				CLANG_WARN_QUOTED_INCLUDE_IN_FRAMEWORK_HEADER = YES;
				CLANG_WARN_RANGE_LOOP_ANALYSIS = YES;
				CLANG_WARN_STRICT_PROTOTYPES = YES;
				CLANG_WARN_SUSPICIOUS_MOVE = YES;
				CLANG_WARN_UNGUARDED_AVAILABILITY = YES_AGGRESSIVE;
				CLANG_WARN_UNREACHABLE_CODE = YES;
				CLANG_WARN__DUPLICATE_METHOD_MATCH = YES;
				COPY_PHASE_STRIP = NO;
				DEBUG_INFORMATION_FORMAT = "dwarf-with-dsym";
				ENABLE_NS_ASSERTIONS = NO;
				ENABLE_STRICT_OBJC_MSGSEND = YES;
				GCC_C_LANGUAGE_STANDARD = gnu11;
				GCC_NO_COMMON_BLOCKS = YES;
				GCC_WARN_64_TO_32_BIT_CONVERSION = YES;
				GCC_WARN_ABOUT_RETURN_TYPE = YES_ERROR;
				GCC_WARN_UNDECLARED_SELECTOR = YES;
				GCC_WARN_UNINITIALIZED_AUTOS = YES_AGGRESSIVE;
				GCC_WARN_UNUSED_FUNCTION = YES;
				GCC_WARN_UNUSED_VARIABLE = YES;
				IPHONEOS_DEPLOYMENT_TARGET = 14.4;
				MTL_ENABLE_DEBUG_INFO = NO;
				MTL_FAST_MATH = YES;
				SDKROOT = iphoneos;
				SWIFT_COMPILATION_MODE = wholemodule;
				SWIFT_OPTIMIZATION_LEVEL = "-O";
				VALIDATE_PRODUCT = YES;
			};
			name = Release;
		};
		245587FD25D2668600A4540C /* Debug */ = {
			isa = XCBuildConfiguration;
			buildSettings = {
				ASSETCATALOG_COMPILER_APPICON_NAME = AppIcon;
				ASSETCATALOG_COMPILER_GLOBAL_ACCENT_COLOR_NAME = AccentColor;
				CODE_SIGN_STYLE = Automatic;
				DEVELOPMENT_ASSET_PATHS = "\"Animals wiki/Preview Content\"";
				DEVELOPMENT_TEAM = 929LF3XGVG;
				ENABLE_PREVIEWS = YES;
				INFOPLIST_FILE = "Animals wiki/Info.plist";
				IPHONEOS_DEPLOYMENT_TARGET = 14.0;
				LD_RUNPATH_SEARCH_PATHS = (
					"$(inherited)",
					"@executable_path/Frameworks",
				);
				PRODUCT_BUNDLE_IDENTIFIER = "com.idm.Animals-wiki";
				PRODUCT_NAME = "$(TARGET_NAME)";
				SWIFT_VERSION = 5.0;
				TARGETED_DEVICE_FAMILY = "1,2";
			};
			name = Debug;
		};
		245587FE25D2668600A4540C /* Release */ = {
			isa = XCBuildConfiguration;
			buildSettings = {
				ASSETCATALOG_COMPILER_APPICON_NAME = AppIcon;
				ASSETCATALOG_COMPILER_GLOBAL_ACCENT_COLOR_NAME = AccentColor;
				CODE_SIGN_STYLE = Automatic;
				DEVELOPMENT_ASSET_PATHS = "\"Animals wiki/Preview Content\"";
				DEVELOPMENT_TEAM = 929LF3XGVG;
				ENABLE_PREVIEWS = YES;
				INFOPLIST_FILE = "Animals wiki/Info.plist";
				IPHONEOS_DEPLOYMENT_TARGET = 14.0;
				LD_RUNPATH_SEARCH_PATHS = (
					"$(inherited)",
					"@executable_path/Frameworks",
				);
				PRODUCT_BUNDLE_IDENTIFIER = "com.idm.Animals-wiki";
				PRODUCT_NAME = "$(TARGET_NAME)";
				SWIFT_VERSION = 5.0;
				TARGETED_DEVICE_FAMILY = "1,2";
			};
			name = Release;
		};
/* End XCBuildConfiguration section */

/* Begin XCConfigurationList section */
		245587E825D2668200A4540C /* Build configuration list for PBXProject "Animals wiki" */ = {
			isa = XCConfigurationList;
			buildConfigurations = (
				245587FA25D2668600A4540C /* Debug */,
				245587FB25D2668600A4540C /* Release */,
			);
			defaultConfigurationIsVisible = 0;
			defaultConfigurationName = Release;
		};
		245587FC25D2668600A4540C /* Build configuration list for PBXNativeTarget "Animals wiki" */ = {
			isa = XCConfigurationList;
			buildConfigurations = (
				245587FD25D2668600A4540C /* Debug */,
				245587FE25D2668600A4540C /* Release */,
			);
			defaultConfigurationIsVisible = 0;
			defaultConfigurationName = Release;
		};
/* End XCConfigurationList section */
	};
	rootObject = 245587E525D2668200A4540C /* Project object */;
}
